
Microsoft Visual Studio Solution File, Format Version 12.00
# Visual Studio Version 17
VisualStudioVersion = 17.9.34622.214
MinimumVisualStudioVersion = 10.0.40219.1
Project("{FAE04EC0-301F-11D3-BF4B-00C04F79EFBC}") = "ATV4_CJ3022439", "ATV4_CJ3022439\ATV4_CJ3022439.csproj", "{E00D93B8-7DEF-4C70-BE2D-37014031BB18}"
EndProject
Global
	GlobalSection(SolutionConfigurationPlatforms) = preSolution
		Debug|Any CPU = Debug|Any CPU
		Release|Any CPU = Release|Any CPU
	EndGlobalSection
	GlobalSection(ProjectConfigurationPlatforms) = postSolution
		{E00D93B8-7DEF-4C70-BE2D-37014031BB18}.Debug|Any CPU.ActiveCfg = Debug|Any CPU
		{E00D93B8-7DEF-4C70-BE2D-37014031BB18}.Debug|Any CPU.Build.0 = Debug|Any CPU
		{E00D93B8-7DEF-4C70-BE2D-37014031BB18}.Release|Any CPU.ActiveCfg = Release|Any CPU
		{E00D93B8-7DEF-4C70-BE2D-37014031BB18}.Release|Any CPU.Build.0 = Release|Any CPU
	EndGlobalSection
	GlobalSection(SolutionProperties) = preSolution
		HideSolutionNode = FALSE
	EndGlobalSection
	GlobalSection(ExtensibilityGlobals) = postSolution
		SolutionGuid = {3DF19ACA-67C6-413B-A7D8-4295ACB09D06}
	EndGlobalSection
EndGlobal
